
Microsoft Visual Studio Solution File, Format Version 12.00
# Visual Studio 15
VisualStudioVersion = 15.0.27130.2027
MinimumVisualStudioVersion = 10.0.40219.1
Project("{FAE04EC0-301F-11D3-BF4B-00C04F79EFBC}") = "ConsoleApp3", "ConsoleApp3\ConsoleApp3.csproj", "{98EC81C0-0E51-4F4A-9811-7F5BBD50996A}"
EndProject
Global
	GlobalSection(SolutionConfigurationPlatforms) = preSolution
		Debug|Any CPU = Debug|Any CPU
		Release|Any CPU = Release|Any CPU
	EndGlobalSection
	GlobalSection(ProjectConfigurationPlatforms) = postSolution
		{98EC81C0-0E51-4F4A-9811-7F5BBD50996A}.Debug|Any CPU.ActiveCfg = Debug|Any CPU
		{98EC81C0-0E51-4F4A-9811-7F5BBD50996A}.Debug|Any CPU.Build.0 = Debug|Any CPU
		{98EC81C0-0E51-4F4A-9811-7F5BBD50996A}.Release|Any CPU.ActiveCfg = Release|Any CPU
		{98EC81C0-0E51-4F4A-9811-7F5BBD50996A}.Release|Any CPU.Build.0 = Release|Any CPU
	EndGlobalSection
	GlobalSection(SolutionProperties) = preSolution
		HideSolutionNode = FALSE
	EndGlobalSection
	GlobalSection(ExtensibilityGlobals) = postSolution
		SolutionGuid = {AACC1BB3-43C4-4EFE-B937-EECE4A75565F}
	EndGlobalSection
EndGlobal
